
Microsoft Visual Studio Solution File, Format Version 12.00
# Visual Studio Version 17
VisualStudioVersion = 17.4.33213.308
MinimumVisualStudioVersion = 10.0.40219.1
Project("{FAE04EC0-301F-11D3-BF4B-00C04F79EFBC}") = "OldPhonePad", "OldPhonePad\OldPhonePad.csproj", "{C6666FA2-C324-4CE8-8606-306B07F1CE77}"
EndProject
Project("{FAE04EC0-301F-11D3-BF4B-00C04F79EFBC}") = "TestOldPhonePad", "TestOldPhonePad\TestOldPhonePad.csproj", "{02D279D0-464E-4529-B9D8-4D6FC39CB53B}"
EndProject
Global
	GlobalSection(SolutionConfigurationPlatforms) = preSolution
		Debug|Any CPU = Debug|Any CPU
		Release|Any CPU = Release|Any CPU
	EndGlobalSection
	GlobalSection(ProjectConfigurationPlatforms) = postSolution
		{C6666FA2-C324-4CE8-8606-306B07F1CE77}.Debug|Any CPU.ActiveCfg = Debug|Any CPU
		{C6666FA2-C324-4CE8-8606-306B07F1CE77}.Debug|Any CPU.Build.0 = Debug|Any CPU
		{C6666FA2-C324-4CE8-8606-306B07F1CE77}.Release|Any CPU.ActiveCfg = Release|Any CPU
		{C6666FA2-C324-4CE8-8606-306B07F1CE77}.Release|Any CPU.Build.0 = Release|Any CPU
		{02D279D0-464E-4529-B9D8-4D6FC39CB53B}.Debug|Any CPU.ActiveCfg = Debug|Any CPU
		{02D279D0-464E-4529-B9D8-4D6FC39CB53B}.Debug|Any CPU.Build.0 = Debug|Any CPU
		{02D279D0-464E-4529-B9D8-4D6FC39CB53B}.Release|Any CPU.ActiveCfg = Release|Any CPU
		{02D279D0-464E-4529-B9D8-4D6FC39CB53B}.Release|Any CPU.Build.0 = Release|Any CPU
	EndGlobalSection
	GlobalSection(SolutionProperties) = preSolution
		HideSolutionNode = FALSE
	EndGlobalSection
	GlobalSection(ExtensibilityGlobals) = postSolution
		SolutionGuid = {F631DA72-81A8-4D61-ACC9-6D76CE134B8C}
	EndGlobalSection
EndGlobal
